
Microsoft Visual Studio Solution File, Format Version 12.00
# Visual Studio Version 16
VisualStudioVersion = 16.0.31005.135
MinimumVisualStudioVersion = 10.0.40219.1
Project("{FAE04EC0-301F-11D3-BF4B-00C04F79EFBC}") = "DiabetesRiskPrediction", "DiabetesRiskPrediction\DiabetesRiskPrediction.csproj", "{DE349C64-EABB-49F6-8F97-66A7ABE307CE}"
EndProject
Global
	GlobalSection(SolutionConfigurationPlatforms) = preSolution
		Debug|Any CPU = Debug|Any CPU
		Release|Any CPU = Release|Any CPU
	EndGlobalSection
	GlobalSection(ProjectConfigurationPlatforms) = postSolution
		{DE349C64-EABB-49F6-8F97-66A7ABE307CE}.Debug|Any CPU.ActiveCfg = Debug|Any CPU
		{DE349C64-EABB-49F6-8F97-66A7ABE307CE}.Debug|Any CPU.Build.0 = Debug|Any CPU
		{DE349C64-EABB-49F6-8F97-66A7ABE307CE}.Release|Any CPU.ActiveCfg = Release|Any CPU
		{DE349C64-EABB-49F6-8F97-66A7ABE307CE}.Release|Any CPU.Build.0 = Release|Any CPU
	EndGlobalSection
	GlobalSection(SolutionProperties) = preSolution
		HideSolutionNode = FALSE
	EndGlobalSection
	GlobalSection(ExtensibilityGlobals) = postSolution
		SolutionGuid = {C3513E40-97D3-41A6-93B5-B2D2DFAC0C7B}
	EndGlobalSection
EndGlobal
